
Microsoft Visual Studio Solution File, Format Version 12.00
# Visual Studio Version 16
VisualStudioVersion = 16.0.29709.97
MinimumVisualStudioVersion = 10.0.40219.1
Project("{9A19103F-16F7-4668-BE54-9A1E7A4F7556}") = "TalkToApi", "TalkToApi.csproj", "{22715662-7B92-4B50-8323-C8B85B7CAF1C}"
EndProject
Project("{FAE04EC0-301F-11D3-BF4B-00C04F79EFBC}") = "TalkToWeb", "..\TalkToWeb\TalkToWeb.csproj", "{7F066051-CCBC-4C60-9C25-C86D85FAB611}"
EndProject
Global
	GlobalSection(SolutionConfigurationPlatforms) = preSolution
		Debug|Any CPU = Debug|Any CPU
		Release|Any CPU = Release|Any CPU
	EndGlobalSection
	GlobalSection(ProjectConfigurationPlatforms) = postSolution
		{22715662-7B92-4B50-8323-C8B85B7CAF1C}.Debug|Any CPU.ActiveCfg = Debug|Any CPU
		{22715662-7B92-4B50-8323-C8B85B7CAF1C}.Debug|Any CPU.Build.0 = Debug|Any CPU
		{22715662-7B92-4B50-8323-C8B85B7CAF1C}.Release|Any CPU.ActiveCfg = Release|Any CPU
		{22715662-7B92-4B50-8323-C8B85B7CAF1C}.Release|Any CPU.Build.0 = Release|Any CPU
		{7F066051-CCBC-4C60-9C25-C86D85FAB611}.Debug|Any CPU.ActiveCfg = Debug|Any CPU
		{7F066051-CCBC-4C60-9C25-C86D85FAB611}.Debug|Any CPU.Build.0 = Debug|Any CPU
		{7F066051-CCBC-4C60-9C25-C86D85FAB611}.Release|Any CPU.ActiveCfg = Release|Any CPU
		{7F066051-CCBC-4C60-9C25-C86D85FAB611}.Release|Any CPU.Build.0 = Release|Any CPU
	EndGlobalSection
	GlobalSection(SolutionProperties) = preSolution
		HideSolutionNode = FALSE
	EndGlobalSection
	GlobalSection(ExtensibilityGlobals) = postSolution
		SolutionGuid = {431BBC82-C36C-44DA-8FDA-25161520C4EB}
	EndGlobalSection
EndGlobal
